
Microsoft Visual Studio Solution File, Format Version 12.00
# Visual Studio Version 16
VisualStudioVersion = 16.0.29102.190
MinimumVisualStudioVersion = 10.0.40219.1
Project("{FAE04EC0-301F-11D3-BF4B-00C04F79EFBC}") = "TestingNumbers", "TestingNumbers\TestingNumbers.csproj", "{ADE7880C-78C8-4FEC-9C29-F0FA2DA4FA31}"
EndProject
Project("{9A19103F-16F7-4668-BE54-9A1E7A4F7556}") = "TestingNumbersTest", "TestingNumbersTest\TestingNumbersTest.csproj", "{DA6C9988-EFC2-4CC8-A01C-B00538F5F741}"
EndProject
Project("{2150E333-8FDC-42A3-9474-1A3956D46DE8}") = "Solution Items", "Solution Items", "{827370F5-34DE-43B4-8A13-E6DC9508F05E}"
	ProjectSection(SolutionItems) = preProject
		LICENSE = LICENSE
		README.md = README.md
	EndProjectSection
EndProject
Global
	GlobalSection(SolutionConfigurationPlatforms) = preSolution
		Debug|Any CPU = Debug|Any CPU
		Release|Any CPU = Release|Any CPU
	EndGlobalSection
	GlobalSection(ProjectConfigurationPlatforms) = postSolution
		{ADE7880C-78C8-4FEC-9C29-F0FA2DA4FA31}.Debug|Any CPU.ActiveCfg = Debug|Any CPU
		{ADE7880C-78C8-4FEC-9C29-F0FA2DA4FA31}.Debug|Any CPU.Build.0 = Debug|Any CPU
		{ADE7880C-78C8-4FEC-9C29-F0FA2DA4FA31}.Release|Any CPU.ActiveCfg = Release|Any CPU
		{ADE7880C-78C8-4FEC-9C29-F0FA2DA4FA31}.Release|Any CPU.Build.0 = Release|Any CPU
		{DA6C9988-EFC2-4CC8-A01C-B00538F5F741}.Debug|Any CPU.ActiveCfg = Debug|Any CPU
		{DA6C9988-EFC2-4CC8-A01C-B00538F5F741}.Debug|Any CPU.Build.0 = Debug|Any CPU
		{DA6C9988-EFC2-4CC8-A01C-B00538F5F741}.Release|Any CPU.ActiveCfg = Release|Any CPU
		{DA6C9988-EFC2-4CC8-A01C-B00538F5F741}.Release|Any CPU.Build.0 = Release|Any CPU
	EndGlobalSection
	GlobalSection(SolutionProperties) = preSolution
		HideSolutionNode = FALSE
	EndGlobalSection
	GlobalSection(ExtensibilityGlobals) = postSolution
		SolutionGuid = {19BCF167-0D1C-4870-B8E2-D56AF6E19F7D}
	EndGlobalSection
EndGlobal
